// !$*UTF8*$!
{
	archiveVersion = 1;
	classes = {
	};
	objectVersion = 56;
	objects = {

/* Begin PBXBuildFile section */
		CE0F0D8D2AA8A8AE006F9D89 /* PingHelper.swift in Sources */ = {isa = PBXBuildFile; fileRef = CE0F0D8C2AA8A8AE006F9D89 /* PingHelper.swift */; };
		CE4DB9842AA863FB006E0853 /* pingo.h in Headers */ = {isa = PBXBuildFile; fileRef = CE4DB9832AA863FB006E0853 /* pingo.h */; settings = {ATTRIBUTES = (Public, ); }; };
		CE4DB9952AA86429006E0853 /* fping.c in Sources */ = {isa = PBXBuildFile; fileRef = CE4DB98B2AA86429006E0853 /* fping.c */; };
		CE4DB9962AA86429006E0853 /* fping.h in Headers */ = {isa = PBXBuildFile; fileRef = CE4DB98C2AA86429006E0853 /* fping.h */; settings = {ATTRIBUTES = (Public, ); }; };
		CE4DB9972AA86429006E0853 /* socket4.c in Sources */ = {isa = PBXBuildFile; fileRef = CE4DB98D2AA86429006E0853 /* socket4.c */; };
		CE4DB9982AA86429006E0853 /* seqmap.c in Sources */ = {isa = PBXBuildFile; fileRef = CE4DB98E2AA86429006E0853 /* seqmap.c */; };
		CE4DB9992AA86429006E0853 /* optparse.h in Headers */ = {isa = PBXBuildFile; fileRef = CE4DB98F2AA86429006E0853 /* optparse.h */; settings = {ATTRIBUTES = (Public, ); }; };
		CE4DB99A2AA86429006E0853 /* optparse.c in Sources */ = {isa = PBXBuildFile; fileRef = CE4DB9902AA86429006E0853 /* optparse.c */; };
		CE4DB99B2AA86429006E0853 /* config.h in Headers */ = {isa = PBXBuildFile; fileRef = CE4DB9912AA86429006E0853 /* config.h */; settings = {ATTRIBUTES = (Public, ); }; };
		CE4DB99C2AA86429006E0853 /* socket6.c in Sources */ = {isa = PBXBuildFile; fileRef = CE4DB9922AA86429006E0853 /* socket6.c */; };
		CE4DB99D2AA86429006E0853 /* options.h in Headers */ = {isa = PBXBuildFile; fileRef = CE4DB9932AA86429006E0853 /* options.h */; settings = {ATTRIBUTES = (Public, ); }; };
		CE4DB99E2AA86429006E0853 /* seqmap.h in Headers */ = {isa = PBXBuildFile; fileRef = CE4DB9942AA86429006E0853 /* seqmap.h */; settings = {ATTRIBUTES = (Public, ); }; };
		CE4DB9A82AA87092006E0853 /* AppDelegate.swift in Sources */ = {isa = PBXBuildFile; fileRef = CE4DB9A72AA87092006E0853 /* AppDelegate.swift */; };
		CE4DB9AA2AA87092006E0853 /* SceneDelegate.swift in Sources */ = {isa = PBXBuildFile; fileRef = CE4DB9A92AA87092006E0853 /* SceneDelegate.swift */; };
		CE4DB9AC2AA87092006E0853 /* ViewController.swift in Sources */ = {isa = PBXBuildFile; fileRef = CE4DB9AB2AA87092006E0853 /* ViewController.swift */; };
		CE4DB9AF2AA87092006E0853 /* Main.storyboard in Resources */ = {isa = PBXBuildFile; fileRef = CE4DB9AD2AA87092006E0853 /* Main.storyboard */; };
		CE4DB9B12AA87095006E0853 /* Assets.xcassets in Resources */ = {isa = PBXBuildFile; fileRef = CE4DB9B02AA87095006E0853 /* Assets.xcassets */; };
		CE4DB9B42AA87095006E0853 /* LaunchScreen.storyboard in Resources */ = {isa = PBXBuildFile; fileRef = CE4DB9B22AA87095006E0853 /* LaunchScreen.storyboard */; };
		CE4DB9BA2AA871D7006E0853 /* pingo.framework in Frameworks */ = {isa = PBXBuildFile; fileRef = CE4DB9802AA863FB006E0853 /* pingo.framework */; };
		CE4DB9BB2AA871D7006E0853 /* pingo.framework in Embed Frameworks */ = {isa = PBXBuildFile; fileRef = CE4DB9802AA863FB006E0853 /* pingo.framework */; settings = {ATTRIBUTES = (CodeSignOnCopy, RemoveHeadersOnCopy, ); }; };
/* End PBXBuildFile section */

/* Begin PBXContainerItemProxy section */
		CE4DB9BC2AA871D7006E0853 /* PBXContainerItemProxy */ = {
			isa = PBXContainerItemProxy;
			containerPortal = CE4DB9772AA863FA006E0853 /* Project object */;
			proxyType = 1;
			remoteGlobalIDString = CE4DB97F2AA863FB006E0853;
			remoteInfo = iPing;
		};
/* End PBXContainerItemProxy section */

/* Begin PBXCopyFilesBuildPhase section */
		CE4DB9BE2AA871D7006E0853 /* Embed Frameworks */ = {
			isa = PBXCopyFilesBuildPhase;
			buildActionMask = 2147483647;
			dstPath = "";
			dstSubfolderSpec = 10;
			files = (
				CE4DB9BB2AA871D7006E0853 /* pingo.framework in Embed Frameworks */,
			);
			name = "Embed Frameworks";
			runOnlyForDeploymentPostprocessing = 0;
		};
/* End PBXCopyFilesBuildPhase section */

/* Begin PBXFileReference section */
		CE0F0D8C2AA8A8AE006F9D89 /* PingHelper.swift */ = {isa = PBXFileReference; lastKnownFileType = sourcecode.swift; path = PingHelper.swift; sourceTree = "<group>"; };
		CE4DB9802AA863FB006E0853 /* pingo.framework */ = {isa = PBXFileReference; explicitFileType = wrapper.framework; includeInIndex = 0; path = pingo.framework; sourceTree = BUILT_PRODUCTS_DIR; };
		CE4DB9832AA863FB006E0853 /* pingo.h */ = {isa = PBXFileReference; lastKnownFileType = sourcecode.c.h; path = pingo.h; sourceTree = "<group>"; };
		CE4DB98B2AA86429006E0853 /* fping.c */ = {isa = PBXFileReference; fileEncoding = 4; lastKnownFileType = sourcecode.c.c; path = fping.c; sourceTree = "<group>"; };
		CE4DB98C2AA86429006E0853 /* fping.h */ = {isa = PBXFileReference; fileEncoding = 4; lastKnownFileType = sourcecode.c.h; path = fping.h; sourceTree = "<group>"; };
		CE4DB98D2AA86429006E0853 /* socket4.c */ = {isa = PBXFileReference; fileEncoding = 4; lastKnownFileType = sourcecode.c.c; path = socket4.c; sourceTree = "<group>"; };
		CE4DB98E2AA86429006E0853 /* seqmap.c */ = {isa = PBXFileReference; fileEncoding = 4; lastKnownFileType = sourcecode.c.c; path = seqmap.c; sourceTree = "<group>"; };
		CE4DB98F2AA86429006E0853 /* optparse.h */ = {isa = PBXFileReference; fileEncoding = 4; lastKnownFileType = sourcecode.c.h; path = optparse.h; sourceTree = "<group>"; };
		CE4DB9902AA86429006E0853 /* optparse.c */ = {isa = PBXFileReference; fileEncoding = 4; lastKnownFileType = sourcecode.c.c; path = optparse.c; sourceTree = "<group>"; };
		CE4DB9912AA86429006E0853 /* config.h */ = {isa = PBXFileReference; fileEncoding = 4; lastKnownFileType = sourcecode.c.h; path = config.h; sourceTree = "<group>"; };
		CE4DB9922AA86429006E0853 /* socket6.c */ = {isa = PBXFileReference; fileEncoding = 4; lastKnownFileType = sourcecode.c.c; path = socket6.c; sourceTree = "<group>"; };
		CE4DB9932AA86429006E0853 /* options.h */ = {isa = PBXFileReference; fileEncoding = 4; lastKnownFileType = sourcecode.c.h; path = options.h; sourceTree = "<group>"; };
		CE4DB9942AA86429006E0853 /* seqmap.h */ = {isa = PBXFileReference; fileEncoding = 4; lastKnownFileType = sourcecode.c.h; path = seqmap.h; sourceTree = "<group>"; };
		CE4DB9A52AA87092006E0853 /* DemoAPP.app */ = {isa = PBXFileReference; explicitFileType = wrapper.application; includeInIndex = 0; path = DemoAPP.app; sourceTree = BUILT_PRODUCTS_DIR; };
		CE4DB9A72AA87092006E0853 /* AppDelegate.swift */ = {isa = PBXFileReference; lastKnownFileType = sourcecode.swift; path = AppDelegate.swift; sourceTree = "<group>"; };
		CE4DB9A92AA87092006E0853 /* SceneDelegate.swift */ = {isa = PBXFileReference; lastKnownFileType = sourcecode.swift; path = SceneDelegate.swift; sourceTree = "<group>"; };
		CE4DB9AB2AA87092006E0853 /* ViewController.swift */ = {isa = PBXFileReference; lastKnownFileType = sourcecode.swift; path = ViewController.swift; sourceTree = "<group>"; };
		CE4DB9AE2AA87092006E0853 /* Base */ = {isa = PBXFileReference; lastKnownFileType = file.storyboard; name = Base; path = Base.lproj/Main.storyboard; sourceTree = "<group>"; };
		CE4DB9B02AA87095006E0853 /* Assets.xcassets */ = {isa = PBXFileReference; lastKnownFileType = folder.assetcatalog; path = Assets.xcassets; sourceTree = "<group>"; };
		CE4DB9B32AA87095006E0853 /* Base */ = {isa = PBXFileReference; lastKnownFileType = file.storyboard; name = Base; path = Base.lproj/LaunchScreen.storyboard; sourceTree = "<group>"; };
		CE4DB9B52AA87095006E0853 /* Info.plist */ = {isa = PBXFileReference; lastKnownFileType = text.plist.xml; path = Info.plist; sourceTree = "<group>"; };
/* End PBXFileReference section */

/* Begin PBXFrameworksBuildPhase section */
		CE4DB97D2AA863FB006E0853 /* Frameworks */ = {
			isa = PBXFrameworksBuildPhase;
			buildActionMask = 2147483647;
			files = (
			);
			runOnlyForDeploymentPostprocessing = 0;
		};
		CE4DB9A22AA87092006E0853 /* Frameworks */ = {
			isa = PBXFrameworksBuildPhase;
			buildActionMask = 2147483647;
			files = (
				CE4DB9BA2AA871D7006E0853 /* pingo.framework in Frameworks */,
			);
			runOnlyForDeploymentPostprocessing = 0;
		};
/* End PBXFrameworksBuildPhase section */

/* Begin PBXGroup section */
		CE4DB9762AA863FA006E0853 = {
			isa = PBXGroup;
			children = (
				CE4DB9822AA863FB006E0853 /* pingo */,
				CE4DB9A62AA87092006E0853 /* DemoAPP */,
				CE4DB9812AA863FB006E0853 /* Products */,
				CE4DB9B92AA871D7006E0853 /* Frameworks */,
			);
			sourceTree = "<group>";
		};
		CE4DB9812AA863FB006E0853 /* Products */ = {
			isa = PBXGroup;
			children = (
				CE4DB9802AA863FB006E0853 /* pingo.framework */,
				CE4DB9A52AA87092006E0853 /* DemoAPP.app */,
			);
			name = Products;
			sourceTree = "<group>";
		};
		CE4DB9822AA863FB006E0853 /* pingo */ = {
			isa = PBXGroup;
			children = (
				CE4DB98A2AA86415006E0853 /* fping */,
				CE4DB9832AA863FB006E0853 /* pingo.h */,
			);
			path = pingo;
			sourceTree = "<group>";
		};
		CE4DB98A2AA86415006E0853 /* fping */ = {
			isa = PBXGroup;
			children = (
				CE4DB9912AA86429006E0853 /* config.h */,
				CE4DB98B2AA86429006E0853 /* fping.c */,
				CE4DB98C2AA86429006E0853 /* fping.h */,
				CE4DB9932AA86429006E0853 /* options.h */,
				CE4DB9902AA86429006E0853 /* optparse.c */,
				CE4DB98F2AA86429006E0853 /* optparse.h */,
				CE4DB98E2AA86429006E0853 /* seqmap.c */,
				CE4DB9942AA86429006E0853 /* seqmap.h */,
				CE4DB98D2AA86429006E0853 /* socket4.c */,
				CE4DB9922AA86429006E0853 /* socket6.c */,
			);
			path = fping;
			sourceTree = "<group>";
		};
		CE4DB9A62AA87092006E0853 /* DemoAPP */ = {
			isa = PBXGroup;
			children = (
				CE4DB9A72AA87092006E0853 /* AppDelegate.swift */,
				CE4DB9A92AA87092006E0853 /* SceneDelegate.swift */,
				CE4DB9AB2AA87092006E0853 /* ViewController.swift */,
				CE0F0D8C2AA8A8AE006F9D89 /* PingHelper.swift */,
				CE4DB9AD2AA87092006E0853 /* Main.storyboard */,
				CE4DB9B02AA87095006E0853 /* Assets.xcassets */,
				CE4DB9B22AA87095006E0853 /* LaunchScreen.storyboard */,
				CE4DB9B52AA87095006E0853 /* Info.plist */,
			);
			path = DemoAPP;
			sourceTree = "<group>";
		};
		CE4DB9B92AA871D7006E0853 /* Frameworks */ = {
			isa = PBXGroup;
			children = (
			);
			name = Frameworks;
			sourceTree = "<group>";
		};
/* End PBXGroup section */

/* Begin PBXHeadersBuildPhase section */
		CE4DB97B2AA863FB006E0853 /* Headers */ = {
			isa = PBXHeadersBuildPhase;
			buildActionMask = 2147483647;
			files = (
				CE4DB99B2AA86429006E0853 /* config.h in Headers */,
				CE4DB99D2AA86429006E0853 /* options.h in Headers */,
				CE4DB9842AA863FB006E0853 /* pingo.h in Headers */,
				CE4DB99E2AA86429006E0853 /* seqmap.h in Headers */,
				CE4DB9962AA86429006E0853 /* fping.h in Headers */,
				CE4DB9992AA86429006E0853 /* optparse.h in Headers */,
			);
			runOnlyForDeploymentPostprocessing = 0;
		};
/* End PBXHeadersBuildPhase section */

/* Begin PBXNativeTarget section */
		CE4DB97F2AA863FB006E0853 /* pingo */ = {
			isa = PBXNativeTarget;
			buildConfigurationList = CE4DB9872AA863FB006E0853 /* Build configuration list for PBXNativeTarget "pingo" */;
			buildPhases = (
				CE4DB97B2AA863FB006E0853 /* Headers */,
				CE4DB97C2AA863FB006E0853 /* Sources */,
				CE4DB97D2AA863FB006E0853 /* Frameworks */,
				CE4DB97E2AA863FB006E0853 /* Resources */,
			);
			buildRules = (
			);
			dependencies = (
			);
			name = pingo;
			productName = iPing;
			productReference = CE4DB9802AA863FB006E0853 /* pingo.framework */;
			productType = "com.apple.product-type.framework";
		};
		CE4DB9A42AA87092006E0853 /* DemoAPP */ = {
			isa = PBXNativeTarget;
			buildConfigurationList = CE4DB9B62AA87095006E0853 /* Build configuration list for PBXNativeTarget "DemoAPP" */;
			buildPhases = (
				CE4DB9A12AA87092006E0853 /* Sources */,
				CE4DB9A22AA87092006E0853 /* Frameworks */,
				CE4DB9A32AA87092006E0853 /* Resources */,
				CE4DB9BE2AA871D7006E0853 /* Embed Frameworks */,
			);
			buildRules = (
			);
			dependencies = (
				CE4DB9BD2AA871D7006E0853 /* PBXTargetDependency */,
			);
			name = DemoAPP;
			productName = DemoAPP;
			productReference = CE4DB9A52AA87092006E0853 /* DemoAPP.app */;
			productType = "com.apple.product-type.application";
		};
/* End PBXNativeTarget section */

/* Begin PBXProject section */
		CE4DB9772AA863FA006E0853 /* Project object */ = {
			isa = PBXProject;
			attributes = {
				BuildIndependentTargetsInParallel = 1;
				LastSwiftUpdateCheck = 1420;
				LastUpgradeCheck = 1420;
				TargetAttributes = {
					CE4DB97F2AA863FB006E0853 = {
						CreatedOnToolsVersion = 14.2;
						LastSwiftMigration = 1420;
					};
					CE4DB9A42AA87092006E0853 = {
						CreatedOnToolsVersion = 14.2;
					};
				};
			};
			buildConfigurationList = CE4DB97A2AA863FA006E0853 /* Build configuration list for PBXProject "pingo" */;
			compatibilityVersion = "Xcode 14.0";
			developmentRegion = en;
			hasScannedForEncodings = 0;
			knownRegions = (
				en,
				Base,
			);
			mainGroup = CE4DB9762AA863FA006E0853;
			productRefGroup = CE4DB9812AA863FB006E0853 /* Products */;
			projectDirPath = "";
			projectRoot = "";
			targets = (
				CE4DB97F2AA863FB006E0853 /* pingo */,
				CE4DB9A42AA87092006E0853 /* DemoAPP */,
			);
		};
/* End PBXProject section */

/* Begin PBXResourcesBuildPhase section */
		CE4DB97E2AA863FB006E0853 /* Resources */ = {
			isa = PBXResourcesBuildPhase;
			buildActionMask = 2147483647;
			files = (
			);
			runOnlyForDeploymentPostprocessing = 0;
		};
		CE4DB9A32AA87092006E0853 /* Resources */ = {
			isa = PBXResourcesBuildPhase;
			buildActionMask = 2147483647;
			files = (
				CE4DB9B42AA87095006E0853 /* LaunchScreen.storyboard in Resources */,
				CE4DB9B12AA87095006E0853 /* Assets.xcassets in Resources */,
				CE4DB9AF2AA87092006E0853 /* Main.storyboard in Resources */,
			);
			runOnlyForDeploymentPostprocessing = 0;
		};
/* End PBXResourcesBuildPhase section */

/* Begin PBXSourcesBuildPhase section */
		CE4DB97C2AA863FB006E0853 /* Sources */ = {
			isa = PBXSourcesBuildPhase;
			buildActionMask = 2147483647;
			files = (
				CE4DB99C2AA86429006E0853 /* socket6.c in Sources */,
				CE4DB9952AA86429006E0853 /* fping.c in Sources */,
				CE4DB99A2AA86429006E0853 /* optparse.c in Sources */,
				CE4DB9972AA86429006E0853 /* socket4.c in Sources */,
				CE4DB9982AA86429006E0853 /* seqmap.c in Sources */,
			);
			runOnlyForDeploymentPostprocessing = 0;
		};
		CE4DB9A12AA87092006E0853 /* Sources */ = {
			isa = PBXSourcesBuildPhase;
			buildActionMask = 2147483647;
			files = (
				CE4DB9AC2AA87092006E0853 /* ViewController.swift in Sources */,
				CE0F0D8D2AA8A8AE006F9D89 /* PingHelper.swift in Sources */,
				CE4DB9A82AA87092006E0853 /* AppDelegate.swift in Sources */,
				CE4DB9AA2AA87092006E0853 /* SceneDelegate.swift in Sources */,
			);
			runOnlyForDeploymentPostprocessing = 0;
		};
/* End PBXSourcesBuildPhase section */

/* Begin PBXTargetDependency section */
		CE4DB9BD2AA871D7006E0853 /* PBXTargetDependency */ = {
			isa = PBXTargetDependency;
			target = CE4DB97F2AA863FB006E0853 /* pingo */;
			targetProxy = CE4DB9BC2AA871D7006E0853 /* PBXContainerItemProxy */;
		};
/* End PBXTargetDependency section */

/* Begin PBXVariantGroup section */
		CE4DB9AD2AA87092006E0853 /* Main.storyboard */ = {
			isa = PBXVariantGroup;
			children = (
				CE4DB9AE2AA87092006E0853 /* Base */,
			);
			name = Main.storyboard;
			sourceTree = "<group>";
		};
		CE4DB9B22AA87095006E0853 /* LaunchScreen.storyboard */ = {
			isa = PBXVariantGroup;
			children = (
				CE4DB9B32AA87095006E0853 /* Base */,
			);
			name = LaunchScreen.storyboard;
			sourceTree = "<group>";
		};
/* End PBXVariantGroup section */

/* Begin XCBuildConfiguration section */
		CE4DB9852AA863FB006E0853 /* Debug */ = {
			isa = XCBuildConfiguration;
			buildSettings = {
				ALWAYS_SEARCH_USER_PATHS = NO;
				CLANG_ANALYZER_NONNULL = YES;
				CLANG_ANALYZER_NUMBER_OBJECT_CONVERSION = YES_AGGRESSIVE;
				CLANG_CXX_LANGUAGE_STANDARD = "gnu++20";
				CLANG_ENABLE_MODULES = YES;
				CLANG_ENABLE_OBJC_ARC = YES;
				CLANG_ENABLE_OBJC_WEAK = YES;
				CLANG_WARN_BLOCK_CAPTURE_AUTORELEASING = YES;
				CLANG_WARN_BOOL_CONVERSION = YES;
				CLANG_WARN_COMMA = YES;
				CLANG_WARN_CONSTANT_CONVERSION = YES;
				CLANG_WARN_DEPRECATED_OBJC_IMPLEMENTATIONS = YES;
				CLANG_WARN_DIRECT_OBJC_ISA_USAGE = YES_ERROR;
				CLANG_WARN_DOCUMENTATION_COMMENTS = YES;
				CLANG_WARN_EMPTY_BODY = YES;
				CLANG_WARN_ENUM_CONVERSION = YES;
				CLANG_WARN_INFINITE_RECURSION = YES;
				CLANG_WARN_INT_CONVERSION = YES;
				CLANG_WARN_NON_LITERAL_NULL_CONVERSION = YES;
				CLANG_WARN_OBJC_IMPLICIT_RETAIN_SELF = YES;
				CLANG_WARN_OBJC_LITERAL_CONVERSION = YES;
				CLANG_WARN_OBJC_ROOT_CLASS = YES_ERROR;
				CLANG_WARN_QUOTED_INCLUDE_IN_FRAMEWORK_HEADER = YES;
				CLANG_WARN_RANGE_LOOP_ANALYSIS = YES;
				CLANG_WARN_STRICT_PROTOTYPES = YES;
				CLANG_WARN_SUSPICIOUS_MOVE = YES;
				CLANG_WARN_UNGUARDED_AVAILABILITY = YES_AGGRESSIVE;
				CLANG_WARN_UNREACHABLE_CODE = YES;
				CLANG_WARN__DUPLICATE_METHOD_MATCH = YES;
				COPY_PHASE_STRIP = NO;
				CURRENT_PROJECT_VERSION = 1;
				DEBUG_INFORMATION_FORMAT = dwarf;
				ENABLE_STRICT_OBJC_MSGSEND = YES;
				ENABLE_TESTABILITY = YES;
				GCC_C_LANGUAGE_STANDARD = gnu11;
				GCC_DYNAMIC_NO_PIC = NO;
				GCC_NO_COMMON_BLOCKS = YES;
				GCC_OPTIMIZATION_LEVEL = 0;
				GCC_PREPROCESSOR_DEFINITIONS = (
					"DEBUG=1",
					"$(inherited)",
				);
				GCC_WARN_64_TO_32_BIT_CONVERSION = YES;
				GCC_WARN_ABOUT_RETURN_TYPE = YES_ERROR;
				GCC_WARN_UNDECLARED_SELECTOR = YES;
				GCC_WARN_UNINITIALIZED_AUTOS = YES_AGGRESSIVE;
				GCC_WARN_UNUSED_FUNCTION = YES;
				GCC_WARN_UNUSED_VARIABLE = YES;
				MTL_ENABLE_DEBUG_INFO = INCLUDE_SOURCE;
				MTL_FAST_MATH = YES;
				ONLY_ACTIVE_ARCH = YES;
				SWIFT_ACTIVE_COMPILATION_CONDITIONS = DEBUG;
				SWIFT_OPTIMIZATION_LEVEL = "-Onone";
				VERSIONING_SYSTEM = "apple-generic";
				VERSION_INFO_PREFIX = "";
			};
			name = Debug;
		};
		CE4DB9862AA863FB006E0853 /* Release */ = {
			isa = XCBuildConfiguration;
			buildSettings = {
				ALWAYS_SEARCH_USER_PATHS = NO;
				CLANG_ANALYZER_NONNULL = YES;
				CLANG_ANALYZER_NUMBER_OBJECT_CONVERSION = YES_AGGRESSIVE;
				CLANG_CXX_LANGUAGE_STANDARD = "gnu++20";
				CLANG_ENABLE_MODULES = YES;
				CLANG_ENABLE_OBJC_ARC = YES;
				CLANG_ENABLE_OBJC_WEAK = YES;
				CLANG_WARN_BLOCK_CAPTURE_AUTORELEASING = YES;
				CLANG_WARN_BOOL_CONVERSION = YES;
				CLANG_WARN_COMMA = YES;
				CLANG_WARN_CONSTANT_CONVERSION = YES;
				CLANG_WARN_DEPRECATED_OBJC_IMPLEMENTATIONS = YES;
				CLANG_WARN_DIRECT_OBJC_ISA_USAGE = YES_ERROR;
				CLANG_WARN_DOCUMENTATION_COMMENTS = YES;
				CLANG_WARN_EMPTY_BODY = YES;
				CLANG_WARN_ENUM_CONVERSION = YES;
				CLANG_WARN_INFINITE_RECURSION = YES;
				CLANG_WARN_INT_CONVERSION = YES;
				CLANG_WARN_NON_LITERAL_NULL_CONVERSION = YES;
				CLANG_WARN_OBJC_IMPLICIT_RETAIN_SELF = YES;
				CLANG_WARN_OBJC_LITERAL_CONVERSION = YES;
				CLANG_WARN_OBJC_ROOT_CLASS = YES_ERROR;
				CLANG_WARN_QUOTED_INCLUDE_IN_FRAMEWORK_HEADER = YES;
				CLANG_WARN_RANGE_LOOP_ANALYSIS = YES;
				CLANG_WARN_STRICT_PROTOTYPES = YES;
				CLANG_WARN_SUSPICIOUS_MOVE = YES;
				CLANG_WARN_UNGUARDED_AVAILABILITY = YES_AGGRESSIVE;
				CLANG_WARN_UNREACHABLE_CODE = YES;
				CLANG_WARN__DUPLICATE_METHOD_MATCH = YES;
				COPY_PHASE_STRIP = NO;
				CURRENT_PROJECT_VERSION = 1;
				DEBUG_INFORMATION_FORMAT = "dwarf-with-dsym";
				ENABLE_NS_ASSERTIONS = NO;
				ENABLE_STRICT_OBJC_MSGSEND = YES;
				GCC_C_LANGUAGE_STANDARD = gnu11;
				GCC_NO_COMMON_BLOCKS = YES;
				GCC_WARN_64_TO_32_BIT_CONVERSION = YES;
				GCC_WARN_ABOUT_RETURN_TYPE = YES_ERROR;
				GCC_WARN_UNDECLARED_SELECTOR = YES;
				GCC_WARN_UNINITIALIZED_AUTOS = YES_AGGRESSIVE;
				GCC_WARN_UNUSED_FUNCTION = YES;
				GCC_WARN_UNUSED_VARIABLE = YES;
				MTL_ENABLE_DEBUG_INFO = NO;
				MTL_FAST_MATH = YES;
				SWIFT_COMPILATION_MODE = wholemodule;
				SWIFT_OPTIMIZATION_LEVEL = "-O";
				VERSIONING_SYSTEM = "apple-generic";
				VERSION_INFO_PREFIX = "";
			};
			name = Release;
		};
		CE4DB9882AA863FB006E0853 /* Debug */ = {
			isa = XCBuildConfiguration;
			buildSettings = {
				CLANG_ALLOW_NON_MODULAR_INCLUDES_IN_FRAMEWORK_MODULES = YES;
				CLANG_ENABLE_MODULES = YES;
				CODE_SIGN_STYLE = Automatic;
				CURRENT_PROJECT_VERSION = 1;
				DEFINES_MODULE = YES;
				DYLIB_COMPATIBILITY_VERSION = 1;
				DYLIB_CURRENT_VERSION = 1;
				DYLIB_INSTALL_NAME_BASE = "@rpath";
				GENERATE_INFOPLIST_FILE = YES;
				INFOPLIST_KEY_NSHumanReadableCopyright = "";
				INSTALL_PATH = "$(LOCAL_LIBRARY_DIR)/Frameworks";
				IPHONEOS_DEPLOYMENT_TARGET = 13.0;
				LD_RUNPATH_SEARCH_PATHS = (
					"@executable_path/Frameworks",
					"@loader_path/Frameworks",
				);
				"LD_RUNPATH_SEARCH_PATHS[sdk=macosx*]" = (
					"@executable_path/../Frameworks",
					"@loader_path/Frameworks",
				);
				MACOSX_DEPLOYMENT_TARGET = 10.15;
				MARKETING_VERSION = 1.0;
				OTHER_SWIFT_FLAGS = "-Xcc -Wno-error=non-modular-include-in-framework-module";
				PRODUCT_BUNDLE_IDENTIFIER = com.iping.iPing;
				PRODUCT_NAME = "$(TARGET_NAME:c99extidentifier)";
				SDKROOT = auto;
				SKIP_INSTALL = YES;
				SUPPORTED_PLATFORMS = "iphoneos iphonesimulator macosx";
				SWIFT_EMIT_LOC_STRINGS = YES;
				SWIFT_OPTIMIZATION_LEVEL = "-Onone";
				SWIFT_VERSION = 5.0;
				TARGETED_DEVICE_FAMILY = "1,2";
			};
			name = Debug;
		};
		CE4DB9892AA863FB006E0853 /* Release */ = {
			isa = XCBuildConfiguration;
			buildSettings = {
				CLANG_ALLOW_NON_MODULAR_INCLUDES_IN_FRAMEWORK_MODULES = YES;
				CLANG_ENABLE_MODULES = YES;
				CODE_SIGN_STYLE = Automatic;
				CURRENT_PROJECT_VERSION = 1;
				DEFINES_MODULE = YES;
				DYLIB_COMPATIBILITY_VERSION = 1;
				DYLIB_CURRENT_VERSION = 1;
				DYLIB_INSTALL_NAME_BASE = "@rpath";
				GENERATE_INFOPLIST_FILE = YES;
				INFOPLIST_KEY_NSHumanReadableCopyright = "";
				INSTALL_PATH = "$(LOCAL_LIBRARY_DIR)/Frameworks";
				IPHONEOS_DEPLOYMENT_TARGET = 13.0;
				LD_RUNPATH_SEARCH_PATHS = (
					"@executable_path/Frameworks",
					"@loader_path/Frameworks",
				);
				"LD_RUNPATH_SEARCH_PATHS[sdk=macosx*]" = (
					"@executable_path/../Frameworks",
					"@loader_path/Frameworks",
				);
				MACOSX_DEPLOYMENT_TARGET = 10.15;
				MARKETING_VERSION = 1.0;
				OTHER_SWIFT_FLAGS = "-Xcc -Wno-error=non-modular-include-in-framework-module";
				PRODUCT_BUNDLE_IDENTIFIER = com.iping.iPing;
				PRODUCT_NAME = "$(TARGET_NAME:c99extidentifier)";
				SDKROOT = auto;
				SKIP_INSTALL = YES;
				SUPPORTED_PLATFORMS = "iphoneos iphonesimulator macosx";
				SWIFT_EMIT_LOC_STRINGS = YES;
				SWIFT_VERSION = 5.0;
				TARGETED_DEVICE_FAMILY = "1,2";
			};
			name = Release;
		};
		CE4DB9B72AA87095006E0853 /* Debug */ = {
			isa = XCBuildConfiguration;
			buildSettings = {
				ASSETCATALOG_COMPILER_APPICON_NAME = AppIcon;
				ASSETCATALOG_COMPILER_GLOBAL_ACCENT_COLOR_NAME = AccentColor;
				CODE_SIGN_STYLE = Automatic;
				CURRENT_PROJECT_VERSION = 1;
				GENERATE_INFOPLIST_FILE = YES;
				INFOPLIST_FILE = DemoAPP/Info.plist;
				INFOPLIST_KEY_UIApplicationSupportsIndirectInputEvents = YES;
				INFOPLIST_KEY_UILaunchStoryboardName = LaunchScreen;
				INFOPLIST_KEY_UIMainStoryboardFile = Main;
				INFOPLIST_KEY_UISupportedInterfaceOrientations_iPad = "UIInterfaceOrientationPortrait UIInterfaceOrientationPortraitUpsideDown UIInterfaceOrientationLandscapeLeft UIInterfaceOrientationLandscapeRight";
				INFOPLIST_KEY_UISupportedInterfaceOrientations_iPhone = "UIInterfaceOrientationPortrait UIInterfaceOrientationLandscapeLeft UIInterfaceOrientationLandscapeRight";
				IPHONEOS_DEPLOYMENT_TARGET = 16.2;
				LD_RUNPATH_SEARCH_PATHS = (
					"$(inherited)",
					"@executable_path/Frameworks",
				);
				MARKETING_VERSION = 1.0;
				PRODUCT_BUNDLE_IDENTIFIER = com.iping.DemoAPP;
				PRODUCT_NAME = "$(TARGET_NAME)";
				SDKROOT = iphoneos;
				SWIFT_EMIT_LOC_STRINGS = YES;
				SWIFT_VERSION = 5.0;
				TARGETED_DEVICE_FAMILY = "1,2";
			};
			name = Debug;
		};
		CE4DB9B82AA87095006E0853 /* Release */ = {
			isa = XCBuildConfiguration;
			buildSettings = {
				ASSETCATALOG_COMPILER_APPICON_NAME = AppIcon;
				ASSETCATALOG_COMPILER_GLOBAL_ACCENT_COLOR_NAME = AccentColor;
				CODE_SIGN_STYLE = Automatic;
				CURRENT_PROJECT_VERSION = 1;
				GENERATE_INFOPLIST_FILE = YES;
				INFOPLIST_FILE = DemoAPP/Info.plist;
				INFOPLIST_KEY_UIApplicationSupportsIndirectInputEvents = YES;
				INFOPLIST_KEY_UILaunchStoryboardName = LaunchScreen;
				INFOPLIST_KEY_UIMainStoryboardFile = Main;
				INFOPLIST_KEY_UISupportedInterfaceOrientations_iPad = "UIInterfaceOrientationPortrait UIInterfaceOrientationPortraitUpsideDown UIInterfaceOrientationLandscapeLeft UIInterfaceOrientationLandscapeRight";
				INFOPLIST_KEY_UISupportedInterfaceOrientations_iPhone = "UIInterfaceOrientationPortrait UIInterfaceOrientationLandscapeLeft UIInterfaceOrientationLandscapeRight";
				IPHONEOS_DEPLOYMENT_TARGET = 16.2;
				LD_RUNPATH_SEARCH_PATHS = (
					"$(inherited)",
					"@executable_path/Frameworks",
				);
				MARKETING_VERSION = 1.0;
				PRODUCT_BUNDLE_IDENTIFIER = com.iping.DemoAPP;
				PRODUCT_NAME = "$(TARGET_NAME)";
				SDKROOT = iphoneos;
				SWIFT_EMIT_LOC_STRINGS = YES;
				SWIFT_VERSION = 5.0;
				TARGETED_DEVICE_FAMILY = "1,2";
				VALIDATE_PRODUCT = YES;
			};
			name = Release;
		};
/* End XCBuildConfiguration section */

/* Begin XCConfigurationList section */
		CE4DB97A2AA863FA006E0853 /* Build configuration list for PBXProject "pingo" */ = {
			isa = XCConfigurationList;
			buildConfigurations = (
				CE4DB9852AA863FB006E0853 /* Debug */,
				CE4DB9862AA863FB006E0853 /* Release */,
			);
			defaultConfigurationIsVisible = 0;
			defaultConfigurationName = Release;
		};
		CE4DB9872AA863FB006E0853 /* Build configuration list for PBXNativeTarget "pingo" */ = {
			isa = XCConfigurationList;
			buildConfigurations = (
				CE4DB9882AA863FB006E0853 /* Debug */,
				CE4DB9892AA863FB006E0853 /* Release */,
			);
			defaultConfigurationIsVisible = 0;
			defaultConfigurationName = Release;
		};
		CE4DB9B62AA87095006E0853 /* Build configuration list for PBXNativeTarget "DemoAPP" */ = {
			isa = XCConfigurationList;
			buildConfigurations = (
				CE4DB9B72AA87095006E0853 /* Debug */,
				CE4DB9B82AA87095006E0853 /* Release */,
			);
			defaultConfigurationIsVisible = 0;
			defaultConfigurationName = Release;
		};
/* End XCConfigurationList section */
	};
	rootObject = CE4DB9772AA863FA006E0853 /* Project object */;
}
